
Microsoft Visual Studio Solution File, Format Version 12.00
# Visual Studio 2013
VisualStudioVersion = 12.0.30324.0
MinimumVisualStudioVersion = 10.0.40219.1
Project("{F184B08F-C81C-45F6-A57F-5ABD9991F28F}") = "JS-HW-11.Strings", "JS-HW-11.Strings\JS-HW-11.Strings.vbproj", "{12C1CF63-8186-41BC-8B28-B83D978BA2A3}"
EndProject
Global
	GlobalSection(SolutionConfigurationPlatforms) = preSolution
		Debug|Any CPU = Debug|Any CPU
		Release|Any CPU = Release|Any CPU
	EndGlobalSection
	GlobalSection(ProjectConfigurationPlatforms) = postSolution
		{12C1CF63-8186-41BC-8B28-B83D978BA2A3}.Debug|Any CPU.ActiveCfg = Debug|Any CPU
		{12C1CF63-8186-41BC-8B28-B83D978BA2A3}.Debug|Any CPU.Build.0 = Debug|Any CPU
		{12C1CF63-8186-41BC-8B28-B83D978BA2A3}.Release|Any CPU.ActiveCfg = Release|Any CPU
		{12C1CF63-8186-41BC-8B28-B83D978BA2A3}.Release|Any CPU.Build.0 = Release|Any CPU
	EndGlobalSection
	GlobalSection(SolutionProperties) = preSolution
		HideSolutionNode = FALSE
	EndGlobalSection
EndGlobal
