
Microsoft Visual Studio Solution File, Format Version 12.00
# Visual Studio 2013
VisualStudioVersion = 12.0.30324.0
MinimumVisualStudioVersion = 10.0.40219.1
Project("{F184B08F-C81C-45F6-A57F-5ABD9991F28F}") = "JS-HW-ExamPrep", "JS-HW-ExamPrep\JS-HW-ExamPrep.vbproj", "{C6FEE334-0EBD-4959-BA8F-A518FDDAF59B}"
EndProject
Global
	GlobalSection(SolutionConfigurationPlatforms) = preSolution
		Debug|Any CPU = Debug|Any CPU
		Release|Any CPU = Release|Any CPU
	EndGlobalSection
	GlobalSection(ProjectConfigurationPlatforms) = postSolution
		{C6FEE334-0EBD-4959-BA8F-A518FDDAF59B}.Debug|Any CPU.ActiveCfg = Debug|Any CPU
		{C6FEE334-0EBD-4959-BA8F-A518FDDAF59B}.Debug|Any CPU.Build.0 = Debug|Any CPU
		{C6FEE334-0EBD-4959-BA8F-A518FDDAF59B}.Release|Any CPU.ActiveCfg = Release|Any CPU
		{C6FEE334-0EBD-4959-BA8F-A518FDDAF59B}.Release|Any CPU.Build.0 = Release|Any CPU
	EndGlobalSection
	GlobalSection(SolutionProperties) = preSolution
		HideSolutionNode = FALSE
	EndGlobalSection
EndGlobal
