
Microsoft Visual Studio Solution File, Format Version 12.00
# Visual Studio 2012
Project("{FAE04EC0-301F-11D3-BF4B-00C04F79EFBC}") = "01.PrintOddLines", "01.PrintOddLines\01.PrintOddLines.csproj", "{D87E833B-B740-4A70-A792-64D642B5F01F}"
EndProject
Project("{FAE04EC0-301F-11D3-BF4B-00C04F79EFBC}") = "02.ConcTextFiles", "02.ConcTextFiles\02.ConcTextFiles.csproj", "{C5BD57E3-55EE-4A46-B4DA-6935FAEAA0B7}"
EndProject
Project("{FAE04EC0-301F-11D3-BF4B-00C04F79EFBC}") = "03.LineNumbers", "03.LineNumbers\03.LineNumbers.csproj", "{2BE09564-BC81-4A3B-AA39-ACC3F2C583DD}"
EndProject
Project("{FAE04EC0-301F-11D3-BF4B-00C04F79EFBC}") = "04.SameLines", "04.SameLines\04.SameLines.csproj", "{EF0C0A0B-CA7A-4992-8E27-D1480E8510E8}"
EndProject
Project("{FAE04EC0-301F-11D3-BF4B-00C04F79EFBC}") = "05.MatrixMaxSum", "05.MatrixMaxSum\05.MatrixMaxSum.csproj", "{CBB41CE9-6B79-4A7F-AD57-68E0EE898026}"
EndProject
Project("{FAE04EC0-301F-11D3-BF4B-00C04F79EFBC}") = "06.ListOfStrings", "06.ListOfStrings\06.ListOfStrings.csproj", "{D4FC3010-A8ED-40F8-B830-533E43A7CDE0}"
EndProject
Project("{FAE04EC0-301F-11D3-BF4B-00C04F79EFBC}") = "07.StartFinish", "07.StartFinish\07.StartFinish.csproj", "{34408A3D-1C7D-43D1-8E58-CD392234BD5A}"
EndProject
Project("{FAE04EC0-301F-11D3-BF4B-00C04F79EFBC}") = "08.ModifyMethod", "08.ModifyMethod\08.ModifyMethod.csproj", "{B0588C18-BA59-4784-8353-B5595D8547EC}"
EndProject
Global
	GlobalSection(SolutionConfigurationPlatforms) = preSolution
		Debug|Any CPU = Debug|Any CPU
		Release|Any CPU = Release|Any CPU
	EndGlobalSection
	GlobalSection(ProjectConfigurationPlatforms) = postSolution
		{D87E833B-B740-4A70-A792-64D642B5F01F}.Debug|Any CPU.ActiveCfg = Debug|Any CPU
		{D87E833B-B740-4A70-A792-64D642B5F01F}.Debug|Any CPU.Build.0 = Debug|Any CPU
		{D87E833B-B740-4A70-A792-64D642B5F01F}.Release|Any CPU.ActiveCfg = Release|Any CPU
		{D87E833B-B740-4A70-A792-64D642B5F01F}.Release|Any CPU.Build.0 = Release|Any CPU
		{C5BD57E3-55EE-4A46-B4DA-6935FAEAA0B7}.Debug|Any CPU.ActiveCfg = Debug|Any CPU
		{C5BD57E3-55EE-4A46-B4DA-6935FAEAA0B7}.Debug|Any CPU.Build.0 = Debug|Any CPU
		{C5BD57E3-55EE-4A46-B4DA-6935FAEAA0B7}.Release|Any CPU.ActiveCfg = Release|Any CPU
		{C5BD57E3-55EE-4A46-B4DA-6935FAEAA0B7}.Release|Any CPU.Build.0 = Release|Any CPU
		{2BE09564-BC81-4A3B-AA39-ACC3F2C583DD}.Debug|Any CPU.ActiveCfg = Debug|Any CPU
		{2BE09564-BC81-4A3B-AA39-ACC3F2C583DD}.Debug|Any CPU.Build.0 = Debug|Any CPU
		{2BE09564-BC81-4A3B-AA39-ACC3F2C583DD}.Release|Any CPU.ActiveCfg = Release|Any CPU
		{2BE09564-BC81-4A3B-AA39-ACC3F2C583DD}.Release|Any CPU.Build.0 = Release|Any CPU
		{EF0C0A0B-CA7A-4992-8E27-D1480E8510E8}.Debug|Any CPU.ActiveCfg = Debug|Any CPU
		{EF0C0A0B-CA7A-4992-8E27-D1480E8510E8}.Debug|Any CPU.Build.0 = Debug|Any CPU
		{EF0C0A0B-CA7A-4992-8E27-D1480E8510E8}.Release|Any CPU.ActiveCfg = Release|Any CPU
		{EF0C0A0B-CA7A-4992-8E27-D1480E8510E8}.Release|Any CPU.Build.0 = Release|Any CPU
		{CBB41CE9-6B79-4A7F-AD57-68E0EE898026}.Debug|Any CPU.ActiveCfg = Debug|Any CPU
		{CBB41CE9-6B79-4A7F-AD57-68E0EE898026}.Debug|Any CPU.Build.0 = Debug|Any CPU
		{CBB41CE9-6B79-4A7F-AD57-68E0EE898026}.Release|Any CPU.ActiveCfg = Release|Any CPU
		{CBB41CE9-6B79-4A7F-AD57-68E0EE898026}.Release|Any CPU.Build.0 = Release|Any CPU
		{D4FC3010-A8ED-40F8-B830-533E43A7CDE0}.Debug|Any CPU.ActiveCfg = Debug|Any CPU
		{D4FC3010-A8ED-40F8-B830-533E43A7CDE0}.Debug|Any CPU.Build.0 = Debug|Any CPU
		{D4FC3010-A8ED-40F8-B830-533E43A7CDE0}.Release|Any CPU.ActiveCfg = Release|Any CPU
		{D4FC3010-A8ED-40F8-B830-533E43A7CDE0}.Release|Any CPU.Build.0 = Release|Any CPU
		{34408A3D-1C7D-43D1-8E58-CD392234BD5A}.Debug|Any CPU.ActiveCfg = Debug|Any CPU
		{34408A3D-1C7D-43D1-8E58-CD392234BD5A}.Debug|Any CPU.Build.0 = Debug|Any CPU
		{34408A3D-1C7D-43D1-8E58-CD392234BD5A}.Release|Any CPU.ActiveCfg = Release|Any CPU
		{34408A3D-1C7D-43D1-8E58-CD392234BD5A}.Release|Any CPU.Build.0 = Release|Any CPU
		{B0588C18-BA59-4784-8353-B5595D8547EC}.Debug|Any CPU.ActiveCfg = Debug|Any CPU
		{B0588C18-BA59-4784-8353-B5595D8547EC}.Debug|Any CPU.Build.0 = Debug|Any CPU
		{B0588C18-BA59-4784-8353-B5595D8547EC}.Release|Any CPU.ActiveCfg = Release|Any CPU
		{B0588C18-BA59-4784-8353-B5595D8547EC}.Release|Any CPU.Build.0 = Release|Any CPU
	EndGlobalSection
	GlobalSection(SolutionProperties) = preSolution
		HideSolutionNode = FALSE
	EndGlobalSection
EndGlobal
