
Microsoft Visual Studio Solution File, Format Version 12.00
# Visual Studio 2012
Project("{FAE04EC0-301F-11D3-BF4B-00C04F79EFBC}") = "Example1", "Example1\Example1.csproj", "{2CBF285F-6504-45A9-A57C-C7F14341B282}"
EndProject
Project("{FAE04EC0-301F-11D3-BF4B-00C04F79EFBC}") = "13.ExchangeBits3-4-5with24-25-26", "..\Operators-Expressions-and-Statements-Homew\13.ExchangeBits3-4-5with24-25-26\13.ExchangeBits3-4-5with24-25-26.csproj", "{69690644-83A6-496C-8AC7-E035D730EFFC}"
EndProject
Global
	GlobalSection(SolutionConfigurationPlatforms) = preSolution
		Debug|Any CPU = Debug|Any CPU
		Release|Any CPU = Release|Any CPU
	EndGlobalSection
	GlobalSection(ProjectConfigurationPlatforms) = postSolution
		{2CBF285F-6504-45A9-A57C-C7F14341B282}.Debug|Any CPU.ActiveCfg = Debug|Any CPU
		{2CBF285F-6504-45A9-A57C-C7F14341B282}.Debug|Any CPU.Build.0 = Debug|Any CPU
		{2CBF285F-6504-45A9-A57C-C7F14341B282}.Release|Any CPU.ActiveCfg = Release|Any CPU
		{2CBF285F-6504-45A9-A57C-C7F14341B282}.Release|Any CPU.Build.0 = Release|Any CPU
		{69690644-83A6-496C-8AC7-E035D730EFFC}.Debug|Any CPU.ActiveCfg = Debug|Any CPU
		{69690644-83A6-496C-8AC7-E035D730EFFC}.Debug|Any CPU.Build.0 = Debug|Any CPU
		{69690644-83A6-496C-8AC7-E035D730EFFC}.Release|Any CPU.ActiveCfg = Release|Any CPU
		{69690644-83A6-496C-8AC7-E035D730EFFC}.Release|Any CPU.Build.0 = Release|Any CPU
	EndGlobalSection
	GlobalSection(SolutionProperties) = preSolution
		HideSolutionNode = FALSE
	EndGlobalSection
EndGlobal
